
Microsoft Visual Studio Solution File, Format Version 12.00
# Visual Studio 15
VisualStudioVersion = 15.0.28307.136
MinimumVisualStudioVersion = 10.0.40219.1
Project("{FAE04EC0-301F-11D3-BF4B-00C04F79EFBC}") = "MiniLCDController", "MiniLCDController\MiniLCDController.csproj", "{425FD332-BC36-4FB4-B7C2-4C1B0EF1445B}"
EndProject
Global
	GlobalSection(SolutionConfigurationPlatforms) = preSolution
		Debug|Any CPU = Debug|Any CPU
		Debug|x64 = Debug|x64
		Debug|x86 = Debug|x86
		Release|Any CPU = Release|Any CPU
		Release|x64 = Release|x64
		Release|x86 = Release|x86
	EndGlobalSection
	GlobalSection(ProjectConfigurationPlatforms) = postSolution
		{425FD332-BC36-4FB4-B7C2-4C1B0EF1445B}.Debug|Any CPU.ActiveCfg = Debug|Any CPU
		{425FD332-BC36-4FB4-B7C2-4C1B0EF1445B}.Debug|Any CPU.Build.0 = Debug|Any CPU
		{425FD332-BC36-4FB4-B7C2-4C1B0EF1445B}.Debug|x64.ActiveCfg = Debug|Any CPU
		{425FD332-BC36-4FB4-B7C2-4C1B0EF1445B}.Debug|x64.Build.0 = Debug|Any CPU
		{425FD332-BC36-4FB4-B7C2-4C1B0EF1445B}.Debug|x86.ActiveCfg = Debug|Any CPU
		{425FD332-BC36-4FB4-B7C2-4C1B0EF1445B}.Debug|x86.Build.0 = Debug|Any CPU
		{425FD332-BC36-4FB4-B7C2-4C1B0EF1445B}.Release|Any CPU.ActiveCfg = Release|Any CPU
		{425FD332-BC36-4FB4-B7C2-4C1B0EF1445B}.Release|Any CPU.Build.0 = Release|Any CPU
		{425FD332-BC36-4FB4-B7C2-4C1B0EF1445B}.Release|x64.ActiveCfg = Release|Any CPU
		{425FD332-BC36-4FB4-B7C2-4C1B0EF1445B}.Release|x64.Build.0 = Release|Any CPU
		{425FD332-BC36-4FB4-B7C2-4C1B0EF1445B}.Release|x86.ActiveCfg = Release|Any CPU
		{425FD332-BC36-4FB4-B7C2-4C1B0EF1445B}.Release|x86.Build.0 = Release|Any CPU
	EndGlobalSection
	GlobalSection(SolutionProperties) = preSolution
		HideSolutionNode = FALSE
	EndGlobalSection
	GlobalSection(ExtensibilityGlobals) = postSolution
		SolutionGuid = {18C25321-7250-4075-9E4A-5B0DC6ABA5F8}
	EndGlobalSection
EndGlobal
